<?xml version="1.0" encoding="UTF-8"?>
<CodeBlocks_project_file>
	<FileVersion major="1" minor="6"/>
	<Project>
		<Option title="JiviX"/>
		<Option makefile_is_custom="1"/>
		<Option compiler="msvc8"/>
		<Option virtualFolders="CMake Files\;CMake Files\lib\;CMake Files\lib\cmake\;CMake Files\lib\cmake\glfw3\;"/>
		<Build>
			<Target title="all">
				<Option working_dir="H:/Data/Projects/MineRTX/src/main/java/windows-x86_64"/>
				<Option type="4"/>
				<MakeCommands>
					<Build command="nmake /NOLOGO /f H:\Data\Projects\MineRTX\src\main\java\windows-x86_64\Makefile VERBOSE=1 all"/>
					<CompileFile command="nmake /NOLOGO /f H:\Data\Projects\MineRTX\src\main\java\windows-x86_64\Makefile VERBOSE=1 &quot;$file&quot;"/>
					<Clean command="nmake /NOLOGO /f H:\Data\Projects\MineRTX\src\main\java\windows-x86_64\Makefile VERBOSE=1 clean"/>
					<DistClean command="nmake /NOLOGO /f H:\Data\Projects\MineRTX\src\main\java\windows-x86_64\Makefile VERBOSE=1 clean"/>
				</MakeCommands>
			</Target>
			<Target title="JiviX">
				<Option output="H:/Data/Projects/MineRTX/src/main/java/windows-x86_64/JiviX.dll" prefix_auto="0" extension_auto="0"/>
				<Option working_dir="H:/Data/Projects/MineRTX/src/main/java/windows-x86_64"/>
				<Option object_output="./"/>
				<Option type="3"/>
				<Option compiler="msvc8"/>
				<Compiler>
					<Add option="-DNOMINMAX"/>
					<Add option="-D_CRT_SECURE_NO_WARNINGS"/>
					<Add option="-D_USE_MATH_DEFINES"/>
					<Add option="-DGLM_FORCE_SWIZZLE"/>
					<Add option="-DGLM_FORCE_RADIANS"/>
					<Add option="-DGLM_ENABLE_EXPERIMENTAL"/>
					<Add option="-DVMA_DEDICATED_ALLOCATION"/>
					<Add option="-DGLFW_INCLUDE_NONE"/>
					<Add option="-DEXPERIMENTAL_GLTF"/>
					<Add option="-DUSE_VULKAN"/>
					<Add option="-DENABLE_OPENGL_INTEROP"/>
					<Add option="-DOS_WIN"/>
					<Add option="-DWIN32"/>
					<Add directory="H:/Data/Projects/MineRTX/src/main/java/include/*"/>
					<Add directory="H:/Data/Projects/MineRTX/src/main/java/src"/>
					<Add directory="H:/Data/Projects/MineRTX/src/main/java/src/base"/>
					<Add directory="H:/Data/Projects/MineRTX/src/main/java"/>
					<Add directory="C:/Program Files/Java/jdk-13.0.2/include"/>
					<Add directory="H:/Data/Projects/MineRTX/src/main/java/include"/>
					<Add directory="H:\Program Files\Microsoft Visual Studio\2019\Community\VC\Tools\MSVC\14.26.28801\ATLMFC\include"/>
					<Add directory="H:\Program Files\Microsoft Visual Studio\2019\Community\VC\Tools\MSVC\14.26.28801\include"/>
					<Add directory="C:\Program Files (x86)\Windows Kits\NETFXSDK\4.8\include\um"/>
					<Add directory="C:\Program Files (x86)\Windows Kits\10\include\10.0.19041.0\ucrt"/>
					<Add directory="C:\Program Files (x86)\Windows Kits\10\include\10.0.19041.0\shared"/>
					<Add directory="C:\Program Files (x86)\Windows Kits\10\include\10.0.19041.0\um"/>
					<Add directory="C:\Program Files (x86)\Windows Kits\10\include\10.0.19041.0\winrt"/>
					<Add directory="C:\Program Files (x86)\Windows Kits\10\include\10.0.19041.0\cppwinrt"/>
				</Compiler>
				<MakeCommands>
					<Build command="nmake /NOLOGO /f H:\Data\Projects\MineRTX\src\main\java\windows-x86_64\Makefile VERBOSE=1 JiviX"/>
					<CompileFile command="nmake /NOLOGO /f H:\Data\Projects\MineRTX\src\main\java\windows-x86_64\Makefile VERBOSE=1 &quot;$file&quot;"/>
					<Clean command="nmake /NOLOGO /f H:\Data\Projects\MineRTX\src\main\java\windows-x86_64\Makefile VERBOSE=1 clean"/>
					<DistClean command="nmake /NOLOGO /f H:\Data\Projects\MineRTX\src\main\java\windows-x86_64\Makefile VERBOSE=1 clean"/>
				</MakeCommands>
			</Target>
			<Target title="JiviX/fast">
				<Option output="H:/Data/Projects/MineRTX/src/main/java/windows-x86_64/JiviX.dll" prefix_auto="0" extension_auto="0"/>
				<Option working_dir="H:/Data/Projects/MineRTX/src/main/java/windows-x86_64"/>
				<Option object_output="./"/>
				<Option type="3"/>
				<Option compiler="msvc8"/>
				<Compiler>
					<Add option="-DNOMINMAX"/>
					<Add option="-D_CRT_SECURE_NO_WARNINGS"/>
					<Add option="-D_USE_MATH_DEFINES"/>
					<Add option="-DGLM_FORCE_SWIZZLE"/>
					<Add option="-DGLM_FORCE_RADIANS"/>
					<Add option="-DGLM_ENABLE_EXPERIMENTAL"/>
					<Add option="-DVMA_DEDICATED_ALLOCATION"/>
					<Add option="-DGLFW_INCLUDE_NONE"/>
					<Add option="-DEXPERIMENTAL_GLTF"/>
					<Add option="-DUSE_VULKAN"/>
					<Add option="-DENABLE_OPENGL_INTEROP"/>
					<Add option="-DOS_WIN"/>
					<Add option="-DWIN32"/>
					<Add directory="H:/Data/Projects/MineRTX/src/main/java/include/*"/>
					<Add directory="H:/Data/Projects/MineRTX/src/main/java/src"/>
					<Add directory="H:/Data/Projects/MineRTX/src/main/java/src/base"/>
					<Add directory="H:/Data/Projects/MineRTX/src/main/java"/>
					<Add directory="C:/Program Files/Java/jdk-13.0.2/include"/>
					<Add directory="H:/Data/Projects/MineRTX/src/main/java/include"/>
					<Add directory="H:\Program Files\Microsoft Visual Studio\2019\Community\VC\Tools\MSVC\14.26.28801\ATLMFC\include"/>
					<Add directory="H:\Program Files\Microsoft Visual Studio\2019\Community\VC\Tools\MSVC\14.26.28801\include"/>
					<Add directory="C:\Program Files (x86)\Windows Kits\NETFXSDK\4.8\include\um"/>
					<Add directory="C:\Program Files (x86)\Windows Kits\10\include\10.0.19041.0\ucrt"/>
					<Add directory="C:\Program Files (x86)\Windows Kits\10\include\10.0.19041.0\shared"/>
					<Add directory="C:\Program Files (x86)\Windows Kits\10\include\10.0.19041.0\um"/>
					<Add directory="C:\Program Files (x86)\Windows Kits\10\include\10.0.19041.0\winrt"/>
					<Add directory="C:\Program Files (x86)\Windows Kits\10\include\10.0.19041.0\cppwinrt"/>
				</Compiler>
				<MakeCommands>
					<Build command="nmake /NOLOGO /f H:\Data\Projects\MineRTX\src\main\java\windows-x86_64\Makefile VERBOSE=1 JiviX/fast"/>
					<CompileFile command="nmake /NOLOGO /f H:\Data\Projects\MineRTX\src\main\java\windows-x86_64\Makefile VERBOSE=1 &quot;$file&quot;"/>
					<Clean command="nmake /NOLOGO /f H:\Data\Projects\MineRTX\src\main\java\windows-x86_64\Makefile VERBOSE=1 clean"/>
					<DistClean command="nmake /NOLOGO /f H:\Data\Projects\MineRTX\src\main\java\windows-x86_64\Makefile VERBOSE=1 clean"/>
				</MakeCommands>
			</Target>
			<Target title="edit_cache">
				<Option working_dir="H:/Data/Projects/MineRTX/src/main/java/windows-x86_64"/>
				<Option type="4"/>
				<MakeCommands>
					<Build command="nmake /NOLOGO /f H:\Data\Projects\MineRTX\src\main\java\windows-x86_64\Makefile VERBOSE=1 edit_cache"/>
					<CompileFile command="nmake /NOLOGO /f H:\Data\Projects\MineRTX\src\main\java\windows-x86_64\Makefile VERBOSE=1 &quot;$file&quot;"/>
					<Clean command="nmake /NOLOGO /f H:\Data\Projects\MineRTX\src\main\java\windows-x86_64\Makefile VERBOSE=1 clean"/>
					<DistClean command="nmake /NOLOGO /f H:\Data\Projects\MineRTX\src\main\java\windows-x86_64\Makefile VERBOSE=1 clean"/>
				</MakeCommands>
			</Target>
			<Target title="rebuild_cache">
				<Option working_dir="H:/Data/Projects/MineRTX/src/main/java/windows-x86_64"/>
				<Option type="4"/>
				<MakeCommands>
					<Build command="nmake /NOLOGO /f H:\Data\Projects\MineRTX\src\main\java\windows-x86_64\Makefile VERBOSE=1 rebuild_cache"/>
					<CompileFile command="nmake /NOLOGO /f H:\Data\Projects\MineRTX\src\main\java\windows-x86_64\Makefile VERBOSE=1 &quot;$file&quot;"/>
					<Clean command="nmake /NOLOGO /f H:\Data\Projects\MineRTX\src\main\java\windows-x86_64\Makefile VERBOSE=1 clean"/>
					<DistClean command="nmake /NOLOGO /f H:\Data\Projects\MineRTX\src\main\java\windows-x86_64\Makefile VERBOSE=1 clean"/>
				</MakeCommands>
			</Target>
		</Build>
		<Unit filename="H:/Data/Projects/MineRTX/src/main/java/source/glad.c">
			<Option target="JiviX"/>
		</Unit>
		<Unit filename="H:/Data/Projects/MineRTX/src/main/java/source/jniVector.cpp">
			<Option target="JiviX"/>
		</Unit>
		<Unit filename="H:/Data/Projects/MineRTX/src/main/java/source/jnijavacpp.cpp">
			<Option target="JiviX"/>
		</Unit>
		<Unit filename="H:/Data/Projects/MineRTX/src/main/java/CMakeLists.txt">
			<Option virtualFolder="CMake Files\"/>
		</Unit>
		<Unit filename="H:/Data/Projects/MineRTX/src/main/java/lib/cmake/glfw3/glfw3Config.cmake">
			<Option virtualFolder="CMake Files\lib\cmake\glfw3\"/>
		</Unit>
		<Unit filename="H:/Data/Projects/MineRTX/src/main/java/lib/cmake/glfw3/glfw3ConfigVersion.cmake">
			<Option virtualFolder="CMake Files\lib\cmake\glfw3\"/>
		</Unit>
		<Unit filename="H:/Data/Projects/MineRTX/src/main/java/lib/cmake/glfw3/glfw3Targets-relwithdebinfo.cmake">
			<Option virtualFolder="CMake Files\lib\cmake\glfw3\"/>
		</Unit>
		<Unit filename="H:/Data/Projects/MineRTX/src/main/java/lib/cmake/glfw3/glfw3Targets.cmake">
			<Option virtualFolder="CMake Files\lib\cmake\glfw3\"/>
		</Unit>
	</Project>
</CodeBlocks_project_file>
